PODS:
  - FlutterMacOS (1.0.0)
  - new_window (0.0.1):
    - FlutterMacOS

DEPENDENCIES:
  - FlutterMacOS (from `Flutter/ephemeral`)
  - new_window (from `Flutter/ephemeral/.symlinks/plugins/new_window/macos`)

EXTERNAL SOURCES:
  FlutterMacOS:
    :path: Flutter/ephemeral
  new_window:
    :path: Flutter/ephemeral/.symlinks/plugins/new_window/macos

SPEC CHECKSUMS:
  FlutterMacOS: ae6af50a8ea7d6103d888583d46bd8328a7e9811
  new_window: 1be1705559a3107d2b391897c03e8c57f68f872c

PODFILE CHECKSUM: 6eac6b3292e5142cfc23bdeb71848a40ec51c14c

COCOAPODS: 1.11.3
